
Microsoft Visual Studio Solution File, Format Version 12.00
# Visual Studio Version 16
VisualStudioVersion = 16.0.30711.63
MinimumVisualStudioVersion = 10.0.40219.1
Project("{2150E333-8FDC-42A3-9474-1A3956D46DE8}") = "src", "src", "{761469BD-5465-4325-852B-202DBA44FBF4}"
EndProject
Project("{2150E333-8FDC-42A3-9474-1A3956D46DE8}") = "Services", "Services", "{CB5BE519-E940-4F69-96BC-D75ABA93DABD}"
EndProject
Project("{2150E333-8FDC-42A3-9474-1A3956D46DE8}") = "Catalog", "Catalog", "{1A0C4F50-009C-431D-9189-6AD14345FCA8}"
EndProject
Project("{9A19103F-16F7-4668-BE54-9A1E7A4F7556}") = "Catalog.Api", "src\Services\Catalog\Catalog.Api\Catalog.Api.csproj", "{4722A240-B89C-4E96-AA83-8671E340C7B7}"
EndProject
Project("{2150E333-8FDC-42A3-9474-1A3956D46DE8}") = "Basket", "Basket", "{A6808AA7-8400-4BFA-83B3-B94DCDE8C55A}"
EndProject
Project("{9A19103F-16F7-4668-BE54-9A1E7A4F7556}") = "Basket.Api", "src\Services\Basket\Basket.Api\Basket.Api.csproj", "{5484D280-EFE1-454B-8E1F-5F0A8825485B}"
EndProject
Project("{2150E333-8FDC-42A3-9474-1A3956D46DE8}") = "Discount", "Discount", "{23643EF7-BD46-4E02-A7AE-5D3A40A0F545}"
EndProject
Project("{9A19103F-16F7-4668-BE54-9A1E7A4F7556}") = "Discount.Api", "src\Services\Discount\Discount.Api\Discount.Api.csproj", "{FC9DFAE1-665A-400C-888D-7373418ADF8B}"
EndProject
Project("{2150E333-8FDC-42A3-9474-1A3956D46DE8}") = "Order", "Order", "{CF8DEA99-004A-45D6-9329-CC8E63448973}"
EndProject
Project("{9A19103F-16F7-4668-BE54-9A1E7A4F7556}") = "Order.Api", "src\Services\Order\Order.Api\Order.Api.csproj", "{7169FDD1-3B6F-40DA-8230-3745E21BE3BD}"
EndProject
Project("{2150E333-8FDC-42A3-9474-1A3956D46DE8}") = "Gateway", "Gateway", "{69C94A2E-BB52-420D-B9F7-5AE32B53B07C}"
EndProject
Project("{2150E333-8FDC-42A3-9474-1A3956D46DE8}") = "Communication", "Communication", "{AE090049-58B5-4513-B8D9-7956407A2D0E}"
EndProject
Project("{9A19103F-16F7-4668-BE54-9A1E7A4F7556}") = "OcelotGateway", "src\Gateway\OcelotGateway\OcelotGateway.csproj", "{DEA4078F-5715-415B-848B-6342096AE8C0}"
EndProject
Project("{9A19103F-16F7-4668-BE54-9A1E7A4F7556}") = "Aggregator", "src\Gateway\Aggregator\Aggregator.csproj", "{B675EEF7-F245-4FDB-9C5A-2A4FE79B6C16}"
EndProject
Project("{9A19103F-16F7-4668-BE54-9A1E7A4F7556}") = "EventBus.Messages", "src\Commnication\EventBus.Messages\EventBus.Messages.csproj", "{FE4D1A14-A298-481B-8BC4-9DADEA6A8E42}"
EndProject
Project("{2150E333-8FDC-42A3-9474-1A3956D46DE8}") = "User", "User", "{E45B00DD-CDB7-42F8-A220-8FF5F3FED038}"
EndProject
Project("{9A19103F-16F7-4668-BE54-9A1E7A4F7556}") = "User.Api", "src\Services\User\User.Api\User.Api.csproj", "{A4C7A25C-3E5A-45E9-85CE-291B7373E0E5}"
EndProject
Project("{2150E333-8FDC-42A3-9474-1A3956D46DE8}") = "Client", "Client", "{30A61B8C-90AE-4B6A-A758-7D84073AA646}"
EndProject
Project("{E53339B2-1760-4266-BCC7-CA923CBCF16C}") = "docker-compose", "docker-compose.dcproj", "{5E59F0F4-E3A3-4210-8214-453F87295A26}"
EndProject
Project("{2150E333-8FDC-42A3-9474-1A3956D46DE8}") = "Promotion", "Promotion", "{78F6E8B6-C676-4F37-913D-097C01566A1C}"
EndProject
Project("{9A19103F-16F7-4668-BE54-9A1E7A4F7556}") = "Promotion.Api", "src\Services\Promotion\Promotion.Api\Promotion.Api.csproj", "{AADAEF14-3339-427B-B5EC-B653D85B027D}"
EndProject
Project("{9A19103F-16F7-4668-BE54-9A1E7A4F7556}") = "Discount.Grpc", "src\Services\Discount\Discount.Grpc\Discount.Grpc.csproj", "{848AF5C9-0587-462D-9C09-72C86094AD49}"
EndProject
Project("{9A19103F-16F7-4668-BE54-9A1E7A4F7556}") = "Order.Domain", "src\Services\Order\Order.Domain\Order.Domain.csproj", "{5AC42792-1751-4074-B715-C1B96CB3A7E9}"
EndProject
Project("{9A19103F-16F7-4668-BE54-9A1E7A4F7556}") = "Order.Application", "src\Services\Order\Order.Application\Order.Application.csproj", "{FB88D8A3-906D-4D48-A305-82C5942428E9}"
EndProject
Project("{9A19103F-16F7-4668-BE54-9A1E7A4F7556}") = "Order.Infrastructure", "src\Services\Order\Order.Infrastructure\Order.Infrastructure.csproj", "{B746BD3F-2539-410E-A55F-B76B91BB6166}"
EndProject
Project("{9A19103F-16F7-4668-BE54-9A1E7A4F7556}") = "Promotion.GRPC", "src\Services\Promotion\Promotion.GRPC\Promotion.GRPC.csproj", "{5C17EA2D-70B7-416B-A316-E313AEC70D6F}"
EndProject
Global
	GlobalSection(SolutionConfigurationPlatforms) = preSolution
		Debug|Any CPU = Debug|Any CPU
		Release|Any CPU = Release|Any CPU
	EndGlobalSection
	GlobalSection(ProjectConfigurationPlatforms) = postSolution
		{4722A240-B89C-4E96-AA83-8671E340C7B7}.Debug|Any CPU.ActiveCfg = Debug|Any CPU
		{4722A240-B89C-4E96-AA83-8671E340C7B7}.Debug|Any CPU.Build.0 = Debug|Any CPU
		{4722A240-B89C-4E96-AA83-8671E340C7B7}.Release|Any CPU.ActiveCfg = Release|Any CPU
		{4722A240-B89C-4E96-AA83-8671E340C7B7}.Release|Any CPU.Build.0 = Release|Any CPU
		{5484D280-EFE1-454B-8E1F-5F0A8825485B}.Debug|Any CPU.ActiveCfg = Debug|Any CPU
		{5484D280-EFE1-454B-8E1F-5F0A8825485B}.Debug|Any CPU.Build.0 = Debug|Any CPU
		{5484D280-EFE1-454B-8E1F-5F0A8825485B}.Release|Any CPU.ActiveCfg = Release|Any CPU
		{5484D280-EFE1-454B-8E1F-5F0A8825485B}.Release|Any CPU.Build.0 = Release|Any CPU
		{FC9DFAE1-665A-400C-888D-7373418ADF8B}.Debug|Any CPU.ActiveCfg = Debug|Any CPU
		{FC9DFAE1-665A-400C-888D-7373418ADF8B}.Debug|Any CPU.Build.0 = Debug|Any CPU
		{FC9DFAE1-665A-400C-888D-7373418ADF8B}.Release|Any CPU.ActiveCfg = Release|Any CPU
		{FC9DFAE1-665A-400C-888D-7373418ADF8B}.Release|Any CPU.Build.0 = Release|Any CPU
		{7169FDD1-3B6F-40DA-8230-3745E21BE3BD}.Debug|Any CPU.ActiveCfg = Debug|Any CPU
		{7169FDD1-3B6F-40DA-8230-3745E21BE3BD}.Debug|Any CPU.Build.0 = Debug|Any CPU
		{7169FDD1-3B6F-40DA-8230-3745E21BE3BD}.Release|Any CPU.ActiveCfg = Release|Any CPU
		{7169FDD1-3B6F-40DA-8230-3745E21BE3BD}.Release|Any CPU.Build.0 = Release|Any CPU
		{DEA4078F-5715-415B-848B-6342096AE8C0}.Debug|Any CPU.ActiveCfg = Debug|Any CPU
		{DEA4078F-5715-415B-848B-6342096AE8C0}.Debug|Any CPU.Build.0 = Debug|Any CPU
		{DEA4078F-5715-415B-848B-6342096AE8C0}.Release|Any CPU.ActiveCfg = Release|Any CPU
		{DEA4078F-5715-415B-848B-6342096AE8C0}.Release|Any CPU.Build.0 = Release|Any CPU
		{B675EEF7-F245-4FDB-9C5A-2A4FE79B6C16}.Debug|Any CPU.ActiveCfg = Debug|Any CPU
		{B675EEF7-F245-4FDB-9C5A-2A4FE79B6C16}.Debug|Any CPU.Build.0 = Debug|Any CPU
		{B675EEF7-F245-4FDB-9C5A-2A4FE79B6C16}.Release|Any CPU.ActiveCfg = Release|Any CPU
		{B675EEF7-F245-4FDB-9C5A-2A4FE79B6C16}.Release|Any CPU.Build.0 = Release|Any CPU
		{FE4D1A14-A298-481B-8BC4-9DADEA6A8E42}.Debug|Any CPU.ActiveCfg = Debug|Any CPU
		{FE4D1A14-A298-481B-8BC4-9DADEA6A8E42}.Debug|Any CPU.Build.0 = Debug|Any CPU
		{FE4D1A14-A298-481B-8BC4-9DADEA6A8E42}.Release|Any CPU.ActiveCfg = Release|Any CPU
		{FE4D1A14-A298-481B-8BC4-9DADEA6A8E42}.Release|Any CPU.Build.0 = Release|Any CPU
		{A4C7A25C-3E5A-45E9-85CE-291B7373E0E5}.Debug|Any CPU.ActiveCfg = Debug|Any CPU
		{A4C7A25C-3E5A-45E9-85CE-291B7373E0E5}.Debug|Any CPU.Build.0 = Debug|Any CPU
		{A4C7A25C-3E5A-45E9-85CE-291B7373E0E5}.Release|Any CPU.ActiveCfg = Release|Any CPU
		{A4C7A25C-3E5A-45E9-85CE-291B7373E0E5}.Release|Any CPU.Build.0 = Release|Any CPU
		{5E59F0F4-E3A3-4210-8214-453F87295A26}.Debug|Any CPU.ActiveCfg = Debug|Any CPU
		{5E59F0F4-E3A3-4210-8214-453F87295A26}.Debug|Any CPU.Build.0 = Debug|Any CPU
		{5E59F0F4-E3A3-4210-8214-453F87295A26}.Release|Any CPU.ActiveCfg = Release|Any CPU
		{5E59F0F4-E3A3-4210-8214-453F87295A26}.Release|Any CPU.Build.0 = Release|Any CPU
		{AADAEF14-3339-427B-B5EC-B653D85B027D}.Debug|Any CPU.ActiveCfg = Debug|Any CPU
		{AADAEF14-3339-427B-B5EC-B653D85B027D}.Debug|Any CPU.Build.0 = Debug|Any CPU
		{AADAEF14-3339-427B-B5EC-B653D85B027D}.Release|Any CPU.ActiveCfg = Release|Any CPU
		{AADAEF14-3339-427B-B5EC-B653D85B027D}.Release|Any CPU.Build.0 = Release|Any CPU
		{848AF5C9-0587-462D-9C09-72C86094AD49}.Debug|Any CPU.ActiveCfg = Debug|Any CPU
		{848AF5C9-0587-462D-9C09-72C86094AD49}.Debug|Any CPU.Build.0 = Debug|Any CPU
		{848AF5C9-0587-462D-9C09-72C86094AD49}.Release|Any CPU.ActiveCfg = Release|Any CPU
		{848AF5C9-0587-462D-9C09-72C86094AD49}.Release|Any CPU.Build.0 = Release|Any CPU
		{5AC42792-1751-4074-B715-C1B96CB3A7E9}.Debug|Any CPU.ActiveCfg = Debug|Any CPU
		{5AC42792-1751-4074-B715-C1B96CB3A7E9}.Debug|Any CPU.Build.0 = Debug|Any CPU
		{5AC42792-1751-4074-B715-C1B96CB3A7E9}.Release|Any CPU.ActiveCfg = Release|Any CPU
		{5AC42792-1751-4074-B715-C1B96CB3A7E9}.Release|Any CPU.Build.0 = Release|Any CPU
		{FB88D8A3-906D-4D48-A305-82C5942428E9}.Debug|Any CPU.ActiveCfg = Debug|Any CPU
		{FB88D8A3-906D-4D48-A305-82C5942428E9}.Debug|Any CPU.Build.0 = Debug|Any CPU
		{FB88D8A3-906D-4D48-A305-82C5942428E9}.Release|Any CPU.ActiveCfg = Release|Any CPU
		{FB88D8A3-906D-4D48-A305-82C5942428E9}.Release|Any CPU.Build.0 = Release|Any CPU
		{B746BD3F-2539-410E-A55F-B76B91BB6166}.Debug|Any CPU.ActiveCfg = Debug|Any CPU
		{B746BD3F-2539-410E-A55F-B76B91BB6166}.Debug|Any CPU.Build.0 = Debug|Any CPU
		{B746BD3F-2539-410E-A55F-B76B91BB6166}.Release|Any CPU.ActiveCfg = Release|Any CPU
		{B746BD3F-2539-410E-A55F-B76B91BB6166}.Release|Any CPU.Build.0 = Release|Any CPU
		{5C17EA2D-70B7-416B-A316-E313AEC70D6F}.Debug|Any CPU.ActiveCfg = Debug|Any CPU
		{5C17EA2D-70B7-416B-A316-E313AEC70D6F}.Debug|Any CPU.Build.0 = Debug|Any CPU
		{5C17EA2D-70B7-416B-A316-E313AEC70D6F}.Release|Any CPU.ActiveCfg = Release|Any CPU
		{5C17EA2D-70B7-416B-A316-E313AEC70D6F}.Release|Any CPU.Build.0 = Release|Any CPU
	EndGlobalSection
	GlobalSection(SolutionProperties) = preSolution
		HideSolutionNode = FALSE
	EndGlobalSection
	GlobalSection(NestedProjects) = preSolution
		{CB5BE519-E940-4F69-96BC-D75ABA93DABD} = {761469BD-5465-4325-852B-202DBA44FBF4}
		{1A0C4F50-009C-431D-9189-6AD14345FCA8} = {CB5BE519-E940-4F69-96BC-D75ABA93DABD}
		{4722A240-B89C-4E96-AA83-8671E340C7B7} = {1A0C4F50-009C-431D-9189-6AD14345FCA8}
		{A6808AA7-8400-4BFA-83B3-B94DCDE8C55A} = {CB5BE519-E940-4F69-96BC-D75ABA93DABD}
		{5484D280-EFE1-454B-8E1F-5F0A8825485B} = {A6808AA7-8400-4BFA-83B3-B94DCDE8C55A}
		{23643EF7-BD46-4E02-A7AE-5D3A40A0F545} = {CB5BE519-E940-4F69-96BC-D75ABA93DABD}
		{FC9DFAE1-665A-400C-888D-7373418ADF8B} = {23643EF7-BD46-4E02-A7AE-5D3A40A0F545}
		{CF8DEA99-004A-45D6-9329-CC8E63448973} = {CB5BE519-E940-4F69-96BC-D75ABA93DABD}
		{7169FDD1-3B6F-40DA-8230-3745E21BE3BD} = {CF8DEA99-004A-45D6-9329-CC8E63448973}
		{69C94A2E-BB52-420D-B9F7-5AE32B53B07C} = {761469BD-5465-4325-852B-202DBA44FBF4}
		{AE090049-58B5-4513-B8D9-7956407A2D0E} = {761469BD-5465-4325-852B-202DBA44FBF4}
		{DEA4078F-5715-415B-848B-6342096AE8C0} = {69C94A2E-BB52-420D-B9F7-5AE32B53B07C}
		{B675EEF7-F245-4FDB-9C5A-2A4FE79B6C16} = {69C94A2E-BB52-420D-B9F7-5AE32B53B07C}
		{FE4D1A14-A298-481B-8BC4-9DADEA6A8E42} = {AE090049-58B5-4513-B8D9-7956407A2D0E}
		{E45B00DD-CDB7-42F8-A220-8FF5F3FED038} = {CB5BE519-E940-4F69-96BC-D75ABA93DABD}
		{A4C7A25C-3E5A-45E9-85CE-291B7373E0E5} = {E45B00DD-CDB7-42F8-A220-8FF5F3FED038}
		{30A61B8C-90AE-4B6A-A758-7D84073AA646} = {761469BD-5465-4325-852B-202DBA44FBF4}
		{78F6E8B6-C676-4F37-913D-097C01566A1C} = {CB5BE519-E940-4F69-96BC-D75ABA93DABD}
		{AADAEF14-3339-427B-B5EC-B653D85B027D} = {78F6E8B6-C676-4F37-913D-097C01566A1C}
		{848AF5C9-0587-462D-9C09-72C86094AD49} = {23643EF7-BD46-4E02-A7AE-5D3A40A0F545}
		{5AC42792-1751-4074-B715-C1B96CB3A7E9} = {CF8DEA99-004A-45D6-9329-CC8E63448973}
		{FB88D8A3-906D-4D48-A305-82C5942428E9} = {CF8DEA99-004A-45D6-9329-CC8E63448973}
		{B746BD3F-2539-410E-A55F-B76B91BB6166} = {CF8DEA99-004A-45D6-9329-CC8E63448973}
		{5C17EA2D-70B7-416B-A316-E313AEC70D6F} = {78F6E8B6-C676-4F37-913D-097C01566A1C}
	EndGlobalSection
	GlobalSection(ExtensibilityGlobals) = postSolution
		SolutionGuid = {8CFAA91F-CF44-4B60-9C76-4D45BA8D60D9}
	EndGlobalSection
EndGlobal
